// !$*UTF8*$!
{
	archiveVersion = 1;
	classes = {
	};
	objectVersion = 46;
	objects = {

/* Begin PBXBuildFile section */
		63D0B0751EFFA4E30022DE3C /* AppDelegate.swift in Sources */ = {isa = PBXBuildFile; fileRef = 63D0B0741EFFA4E30022DE3C /* AppDelegate.swift */; };
		63D0B07A1EFFA4E30022DE3C /* Main.storyboard in Resources */ = {isa = PBXBuildFile; fileRef = 63D0B0781EFFA4E30022DE3C /* Main.storyboard */; };
		63D0B07C1EFFA4E30022DE3C /* Assets.xcassets in Resources */ = {isa = PBXBuildFile; fileRef = 63D0B07B1EFFA4E30022DE3C /* Assets.xcassets */; };
		63D0B07F1EFFA4E30022DE3C /* LaunchScreen.storyboard in Resources */ = {isa = PBXBuildFile; fileRef = 63D0B07D1EFFA4E30022DE3C /* LaunchScreen.storyboard */; };
		63D0B08A1EFFA7540022DE3C /* Bond.framework in Frameworks */ = {isa = PBXBuildFile; fileRef = 63D0B0871EFFA7540022DE3C /* Bond.framework */; };
		63D0B08B1EFFA7540022DE3C /* ReactiveKit.framework in Frameworks */ = {isa = PBXBuildFile; fileRef = 63D0B0881EFFA7540022DE3C /* ReactiveKit.framework */; };
		63D0B08C1EFFA7540022DE3C /* Diff.framework in Frameworks */ = {isa = PBXBuildFile; fileRef = 63D0B0891EFFA7540022DE3C /* Diff.framework */; };
		63D5A6061F04AB7900FD9E8A /* RSignUpVC.swift in Sources */ = {isa = PBXBuildFile; fileRef = 63D5A6051F04AB7900FD9E8A /* RSignUpVC.swift */; };
		63D5A6081F04AD5300FD9E8A /* RSignUpVCService.swift in Sources */ = {isa = PBXBuildFile; fileRef = 63D5A6071F04AD5300FD9E8A /* RSignUpVCService.swift */; };
		63D5A60B1F04BF8A00FD9E8A /* SignUpVC.swift in Sources */ = {isa = PBXBuildFile; fileRef = 63D5A60A1F04BF8A00FD9E8A /* SignUpVC.swift */; };
/* End PBXBuildFile section */

/* Begin PBXFileReference section */
		63D0B0711EFFA4E30022DE3C /* ReactiveKitSignUpForm.app */ = {isa = PBXFileReference; explicitFileType = wrapper.application; includeInIndex = 0; path = ReactiveKitSignUpForm.app; sourceTree = BUILT_PRODUCTS_DIR; };
		63D0B0741EFFA4E30022DE3C /* AppDelegate.swift */ = {isa = PBXFileReference; lastKnownFileType = sourcecode.swift; path = AppDelegate.swift; sourceTree = "<group>"; };
		63D0B0791EFFA4E30022DE3C /* Base */ = {isa = PBXFileReference; lastKnownFileType = file.storyboard; name = Base; path = Base.lproj/Main.storyboard; sourceTree = "<group>"; };
		63D0B07B1EFFA4E30022DE3C /* Assets.xcassets */ = {isa = PBXFileReference; lastKnownFileType = folder.assetcatalog; path = Assets.xcassets; sourceTree = "<group>"; };
		63D0B07E1EFFA4E30022DE3C /* Base */ = {isa = PBXFileReference; lastKnownFileType = file.storyboard; name = Base; path = Base.lproj/LaunchScreen.storyboard; sourceTree = "<group>"; };
		63D0B0801EFFA4E30022DE3C /* Info.plist */ = {isa = PBXFileReference; lastKnownFileType = text.plist.xml; path = Info.plist; sourceTree = "<group>"; };
		63D0B0871EFFA7540022DE3C /* Bond.framework */ = {isa = PBXFileReference; lastKnownFileType = wrapper.framework; name = Bond.framework; path = Carthage/Build/iOS/Bond.framework; sourceTree = "<group>"; };
		63D0B0881EFFA7540022DE3C /* ReactiveKit.framework */ = {isa = PBXFileReference; lastKnownFileType = wrapper.framework; name = ReactiveKit.framework; path = Carthage/Build/iOS/ReactiveKit.framework; sourceTree = "<group>"; };
		63D0B0891EFFA7540022DE3C /* Diff.framework */ = {isa = PBXFileReference; lastKnownFileType = wrapper.framework; name = Diff.framework; path = Carthage/Build/iOS/Diff.framework; sourceTree = "<group>"; };
		63D5A6051F04AB7900FD9E8A /* RSignUpVC.swift */ = {isa = PBXFileReference; fileEncoding = 4; lastKnownFileType = sourcecode.swift; path = RSignUpVC.swift; sourceTree = "<group>"; };
		63D5A6071F04AD5300FD9E8A /* RSignUpVCService.swift */ = {isa = PBXFileReference; fileEncoding = 4; lastKnownFileType = sourcecode.swift; path = RSignUpVCService.swift; sourceTree = "<group>"; };
		63D5A60A1F04BF8A00FD9E8A /* SignUpVC.swift */ = {isa = PBXFileReference; fileEncoding = 4; lastKnownFileType = sourcecode.swift; path = SignUpVC.swift; sourceTree = "<group>"; };
/* End PBXFileReference section */

/* Begin PBXFrameworksBuildPhase section */
		63D0B06E1EFFA4E30022DE3C /* Frameworks */ = {
			isa = PBXFrameworksBuildPhase;
			buildActionMask = 2147483647;
			files = (
				63D0B08A1EFFA7540022DE3C /* Bond.framework in Frameworks */,
				63D0B08B1EFFA7540022DE3C /* ReactiveKit.framework in Frameworks */,
				63D0B08C1EFFA7540022DE3C /* Diff.framework in Frameworks */,
			);
			runOnlyForDeploymentPostprocessing = 0;
		};
/* End PBXFrameworksBuildPhase section */

/* Begin PBXGroup section */
		63D0B0681EFFA4E30022DE3C = {
			isa = PBXGroup;
			children = (
				63D0B0731EFFA4E30022DE3C /* ReactiveKitSignUpForm */,
				63D0B0721EFFA4E30022DE3C /* Products */,
				63D0B0861EFFA7540022DE3C /* Frameworks */,
			);
			sourceTree = "<group>";
		};
		63D0B0721EFFA4E30022DE3C /* Products */ = {
			isa = PBXGroup;
			children = (
				63D0B0711EFFA4E30022DE3C /* ReactiveKitSignUpForm.app */,
			);
			name = Products;
			sourceTree = "<group>";
		};
		63D0B0731EFFA4E30022DE3C /* ReactiveKitSignUpForm */ = {
			isa = PBXGroup;
			children = (
				63D5A6091F04BF6F00FD9E8A /* SignUp */,
				63D5A6041F04AB3B00FD9E8A /* ReactiveSignUp */,
				63D0B0741EFFA4E30022DE3C /* AppDelegate.swift */,
				63D0B0781EFFA4E30022DE3C /* Main.storyboard */,
				63D0B07B1EFFA4E30022DE3C /* Assets.xcassets */,
				63D0B07D1EFFA4E30022DE3C /* LaunchScreen.storyboard */,
				63D0B0801EFFA4E30022DE3C /* Info.plist */,
			);
			path = ReactiveKitSignUpForm;
			sourceTree = "<group>";
		};
		63D0B0861EFFA7540022DE3C /* Frameworks */ = {
			isa = PBXGroup;
			children = (
				63D0B0871EFFA7540022DE3C /* Bond.framework */,
				63D0B0881EFFA7540022DE3C /* ReactiveKit.framework */,
				63D0B0891EFFA7540022DE3C /* Diff.framework */,
			);
			name = Frameworks;
			sourceTree = "<group>";
		};
		63D5A6041F04AB3B00FD9E8A /* ReactiveSignUp */ = {
			isa = PBXGroup;
			children = (
				63D5A6051F04AB7900FD9E8A /* RSignUpVC.swift */,
				63D5A6071F04AD5300FD9E8A /* RSignUpVCService.swift */,
			);
			path = ReactiveSignUp;
			sourceTree = "<group>";
		};
		63D5A6091F04BF6F00FD9E8A /* SignUp */ = {
			isa = PBXGroup;
			children = (
				63D5A60A1F04BF8A00FD9E8A /* SignUpVC.swift */,
			);
			path = SignUp;
			sourceTree = "<group>";
		};
/* End PBXGroup section */

/* Begin PBXNativeTarget section */
		63D0B0701EFFA4E30022DE3C /* ReactiveKitSignUpForm */ = {
			isa = PBXNativeTarget;
			buildConfigurationList = 63D0B0831EFFA4E30022DE3C /* Build configuration list for PBXNativeTarget "ReactiveKitSignUpForm" */;
			buildPhases = (
				63D0B06D1EFFA4E30022DE3C /* Sources */,
				63D0B06E1EFFA4E30022DE3C /* Frameworks */,
				63D0B06F1EFFA4E30022DE3C /* Resources */,
				63D0B08D1EFFA7D80022DE3C /* Carthage Copy Frameworks */,
			);
			buildRules = (
			);
			dependencies = (
			);
			name = ReactiveKitSignUpForm;
			productName = ReactiveKitSignUpForm;
			productReference = 63D0B0711EFFA4E30022DE3C /* ReactiveKitSignUpForm.app */;
			productType = "com.apple.product-type.application";
		};
/* End PBXNativeTarget section */

/* Begin PBXProject section */
		63D0B0691EFFA4E30022DE3C /* Project object */ = {
			isa = PBXProject;
			attributes = {
				LastSwiftUpdateCheck = 0830;
				LastUpgradeCheck = 0830;
				ORGANIZATIONNAME = Lyupko;
				TargetAttributes = {
					63D0B0701EFFA4E30022DE3C = {
						CreatedOnToolsVersion = 8.3.2;
						ProvisioningStyle = Automatic;
					};
				};
			};
			buildConfigurationList = 63D0B06C1EFFA4E30022DE3C /* Build configuration list for PBXProject "ReactiveKitSignUpForm" */;
			compatibilityVersion = "Xcode 3.2";
			developmentRegion = English;
			hasScannedForEncodings = 0;
			knownRegions = (
				en,
				Base,
			);
			mainGroup = 63D0B0681EFFA4E30022DE3C;
			productRefGroup = 63D0B0721EFFA4E30022DE3C /* Products */;
			projectDirPath = "";
			projectRoot = "";
			targets = (
				63D0B0701EFFA4E30022DE3C /* ReactiveKitSignUpForm */,
			);
		};
/* End PBXProject section */

/* Begin PBXResourcesBuildPhase section */
		63D0B06F1EFFA4E30022DE3C /* Resources */ = {
			isa = PBXResourcesBuildPhase;
			buildActionMask = 2147483647;
			files = (
				63D0B07F1EFFA4E30022DE3C /* LaunchScreen.storyboard in Resources */,
				63D0B07C1EFFA4E30022DE3C /* Assets.xcassets in Resources */,
				63D0B07A1EFFA4E30022DE3C /* Main.storyboard in Resources */,
			);
			runOnlyForDeploymentPostprocessing = 0;
		};
/* End PBXResourcesBuildPhase section */

/* Begin PBXShellScriptBuildPhase section */
		63D0B08D1EFFA7D80022DE3C /* Carthage Copy Frameworks */ = {
			isa = PBXShellScriptBuildPhase;
			buildActionMask = 2147483647;
			files = (
			);
			inputPaths = (
				"$(SRCROOT)/Carthage/Build/iOS/ReactiveKit.framework",
				"$(SRCROOT)/Carthage/Build/iOS/Bond.framework",
				"$(SRCROOT)/Carthage/Build/iOS/Diff.framework",
			);
			name = "Carthage Copy Frameworks";
			outputPaths = (
			);
			runOnlyForDeploymentPostprocessing = 0;
			shellPath = /bin/sh;
			shellScript = "/usr/local/bin/carthage copy-frameworks";
		};
/* End PBXShellScriptBuildPhase section */

/* Begin PBXSourcesBuildPhase section */
		63D0B06D1EFFA4E30022DE3C /* Sources */ = {
			isa = PBXSourcesBuildPhase;
			buildActionMask = 2147483647;
			files = (
				63D5A60B1F04BF8A00FD9E8A /* SignUpVC.swift in Sources */,
				63D0B0751EFFA4E30022DE3C /* AppDelegate.swift in Sources */,
				63D5A6061F04AB7900FD9E8A /* RSignUpVC.swift in Sources */,
				63D5A6081F04AD5300FD9E8A /* RSignUpVCService.swift in Sources */,
			);
			runOnlyForDeploymentPostprocessing = 0;
		};
/* End PBXSourcesBuildPhase section */

/* Begin PBXVariantGroup section */
		63D0B0781EFFA4E30022DE3C /* Main.storyboard */ = {
			isa = PBXVariantGroup;
			children = (
				63D0B0791EFFA4E30022DE3C /* Base */,
			);
			name = Main.storyboard;
			sourceTree = "<group>";
		};
		63D0B07D1EFFA4E30022DE3C /* LaunchScreen.storyboard */ = {
			isa = PBXVariantGroup;
			children = (
				63D0B07E1EFFA4E30022DE3C /* Base */,
			);
			name = LaunchScreen.storyboard;
			sourceTree = "<group>";
		};
/* End PBXVariantGroup section */

/* Begin XCBuildConfiguration section */
		63D0B0811EFFA4E30022DE3C /* Debug */ = {
			isa = XCBuildConfiguration;
			buildSettings = {
				ALWAYS_SEARCH_USER_PATHS = NO;
				CLANG_ANALYZER_NONNULL = YES;
				CLANG_ANALYZER_NUMBER_OBJECT_CONVERSION = YES_AGGRESSIVE;
				CLANG_CXX_LANGUAGE_STANDARD = "gnu++0x";
				CLANG_CXX_LIBRARY = "libc++";
				CLANG_ENABLE_MODULES = YES;
				CLANG_ENABLE_OBJC_ARC = YES;
				CLANG_WARN_BOOL_CONVERSION = YES;
				CLANG_WARN_CONSTANT_CONVERSION = YES;
				CLANG_WARN_DIRECT_OBJC_ISA_USAGE = YES_ERROR;
				CLANG_WARN_DOCUMENTATION_COMMENTS = YES;
				CLANG_WARN_EMPTY_BODY = YES;
				CLANG_WARN_ENUM_CONVERSION = YES;
				CLANG_WARN_INFINITE_RECURSION = YES;
				CLANG_WARN_INT_CONVERSION = YES;
				CLANG_WARN_OBJC_ROOT_CLASS = YES_ERROR;
				CLANG_WARN_SUSPICIOUS_MOVE = YES;
				CLANG_WARN_UNREACHABLE_CODE = YES;
				CLANG_WARN__DUPLICATE_METHOD_MATCH = YES;
				"CODE_SIGN_IDENTITY[sdk=iphoneos*]" = "iPhone Developer";
				COPY_PHASE_STRIP = NO;
				DEBUG_INFORMATION_FORMAT = dwarf;
				ENABLE_STRICT_OBJC_MSGSEND = YES;
				ENABLE_TESTABILITY = YES;
				GCC_C_LANGUAGE_STANDARD = gnu99;
				GCC_DYNAMIC_NO_PIC = NO;
				GCC_NO_COMMON_BLOCKS = YES;
				GCC_OPTIMIZATION_LEVEL = 0;
				GCC_PREPROCESSOR_DEFINITIONS = (
					"DEBUG=1",
					"$(inherited)",
				);
				GCC_WARN_64_TO_32_BIT_CONVERSION = YES;
				GCC_WARN_ABOUT_RETURN_TYPE = YES_ERROR;
				GCC_WARN_UNDECLARED_SELECTOR = YES;
				GCC_WARN_UNINITIALIZED_AUTOS = YES_AGGRESSIVE;
				GCC_WARN_UNUSED_FUNCTION = YES;
				GCC_WARN_UNUSED_VARIABLE = YES;
				IPHONEOS_DEPLOYMENT_TARGET = 10.3;
				MTL_ENABLE_DEBUG_INFO = YES;
				ONLY_ACTIVE_ARCH = YES;
				SDKROOT = iphoneos;
				SWIFT_ACTIVE_COMPILATION_CONDITIONS = DEBUG;
				SWIFT_OPTIMIZATION_LEVEL = "-Onone";
			};
			name = Debug;
		};
		63D0B0821EFFA4E30022DE3C /* Release */ = {
			isa = XCBuildConfiguration;
			buildSettings = {
				ALWAYS_SEARCH_USER_PATHS = NO;
				CLANG_ANALYZER_NONNULL = YES;
				CLANG_ANALYZER_NUMBER_OBJECT_CONVERSION = YES_AGGRESSIVE;
				CLANG_CXX_LANGUAGE_STANDARD = "gnu++0x";
				CLANG_CXX_LIBRARY = "libc++";
				CLANG_ENABLE_MODULES = YES;
				CLANG_ENABLE_OBJC_ARC = YES;
				CLANG_WARN_BOOL_CONVERSION = YES;
				CLANG_WARN_CONSTANT_CONVERSION = YES;
				CLANG_WARN_DIRECT_OBJC_ISA_USAGE = YES_ERROR;
				CLANG_WARN_DOCUMENTATION_COMMENTS = YES;
				CLANG_WARN_EMPTY_BODY = YES;
				CLANG_WARN_ENUM_CONVERSION = YES;
				CLANG_WARN_INFINITE_RECURSION = YES;
				CLANG_WARN_INT_CONVERSION = YES;
				CLANG_WARN_OBJC_ROOT_CLASS = YES_ERROR;
				CLANG_WARN_SUSPICIOUS_MOVE = YES;
				CLANG_WARN_UNREACHABLE_CODE = YES;
				CLANG_WARN__DUPLICATE_METHOD_MATCH = YES;
				"CODE_SIGN_IDENTITY[sdk=iphoneos*]" = "iPhone Developer";
				COPY_PHASE_STRIP = NO;
				DEBUG_INFORMATION_FORMAT = "dwarf-with-dsym";
				ENABLE_NS_ASSERTIONS = NO;
				ENABLE_STRICT_OBJC_MSGSEND = YES;
				GCC_C_LANGUAGE_STANDARD = gnu99;
				GCC_NO_COMMON_BLOCKS = YES;
				GCC_WARN_64_TO_32_BIT_CONVERSION = YES;
				GCC_WARN_ABOUT_RETURN_TYPE = YES_ERROR;
				GCC_WARN_UNDECLARED_SELECTOR = YES;
				GCC_WARN_UNINITIALIZED_AUTOS = YES_AGGRESSIVE;
				GCC_WARN_UNUSED_FUNCTION = YES;
				GCC_WARN_UNUSED_VARIABLE = YES;
				IPHONEOS_DEPLOYMENT_TARGET = 10.3;
				MTL_ENABLE_DEBUG_INFO = NO;
				SDKROOT = iphoneos;
				SWIFT_OPTIMIZATION_LEVEL = "-Owholemodule";
				VALIDATE_PRODUCT = YES;
			};
			name = Release;
		};
		63D0B0841EFFA4E30022DE3C /* Debug */ = {
			isa = XCBuildConfiguration;
			buildSettings = {
				ASSETCATALOG_COMPILER_APPICON_NAME = AppIcon;
				FRAMEWORK_SEARCH_PATHS = (
					"$(inherited)",
					"$(PROJECT_DIR)/Carthage/Build/iOS",
				);
				INFOPLIST_FILE = ReactiveKitSignUpForm/Info.plist;
				IPHONEOS_DEPLOYMENT_TARGET = 10.0;
				LD_RUNPATH_SEARCH_PATHS = "$(inherited) @executable_path/Frameworks";
				PRODUCT_BUNDLE_IDENTIFIER = com.test.ReactiveKitSignUpForm;
				PRODUCT_NAME = "$(TARGET_NAME)";
				SWIFT_VERSION = 3.0;
			};
			name = Debug;
		};
		63D0B0851EFFA4E30022DE3C /* Release */ = {
			isa = XCBuildConfiguration;
			buildSettings = {
				ASSETCATALOG_COMPILER_APPICON_NAME = AppIcon;
				FRAMEWORK_SEARCH_PATHS = (
					"$(inherited)",
					"$(PROJECT_DIR)/Carthage/Build/iOS",
				);
				INFOPLIST_FILE = ReactiveKitSignUpForm/Info.plist;
				IPHONEOS_DEPLOYMENT_TARGET = 10.0;
				LD_RUNPATH_SEARCH_PATHS = "$(inherited) @executable_path/Frameworks";
				PRODUCT_BUNDLE_IDENTIFIER = com.test.ReactiveKitSignUpForm;
				PRODUCT_NAME = "$(TARGET_NAME)";
				SWIFT_VERSION = 3.0;
			};
			name = Release;
		};
/* End XCBuildConfiguration section */

/* Begin XCConfigurationList section */
		63D0B06C1EFFA4E30022DE3C /* Build configuration list for PBXProject "ReactiveKitSignUpForm" */ = {
			isa = XCConfigurationList;
			buildConfigurations = (
				63D0B0811EFFA4E30022DE3C /* Debug */,
				63D0B0821EFFA4E30022DE3C /* Release */,
			);
			defaultConfigurationIsVisible = 0;
			defaultConfigurationName = Release;
		};
		63D0B0831EFFA4E30022DE3C /* Build configuration list for PBXNativeTarget "ReactiveKitSignUpForm" */ = {
			isa = XCConfigurationList;
			buildConfigurations = (
				63D0B0841EFFA4E30022DE3C /* Debug */,
				63D0B0851EFFA4E30022DE3C /* Release */,
			);
			defaultConfigurationIsVisible = 0;
			defaultConfigurationName = Release;
		};
/* End XCConfigurationList section */
	};
	rootObject = 63D0B0691EFFA4E30022DE3C /* Project object */;
}
